// !$*UTF8*$!
{
	archiveVersion = 1;
	classes = {
	};
	objectVersion = 46;
	objects = {

/* Begin PBXBuildFile section */
		BF56D6321DEBFA9A009D57EE /* main.m in Sources */ = {isa = PBXBuildFile; fileRef = BF56D6311DEBFA9A009D57EE /* main.m */; };
		BF56D6351DEBFA9A009D57EE /* AppDelegate.m in Sources */ = {isa = PBXBuildFile; fileRef = BF56D6341DEBFA9A009D57EE /* AppDelegate.m */; };
		BF56D6381DEBFA9A009D57EE /* ViewController.m in Sources */ = {isa = PBXBuildFile; fileRef = BF56D6371DEBFA9A009D57EE /* ViewController.m */; };
		BF56D63B1DEBFA9A009D57EE /* Main.storyboard in Resources */ = {isa = PBXBuildFile; fileRef = BF56D6391DEBFA9A009D57EE /* Main.storyboard */; };
		BF56D63D1DEBFA9A009D57EE /* Assets.xcassets in Resources */ = {isa = PBXBuildFile; fileRef = BF56D63C1DEBFA9A009D57EE /* Assets.xcassets */; };
		BF56D6401DEBFA9A009D57EE /* LaunchScreen.storyboard in Resources */ = {isa = PBXBuildFile; fileRef = BF56D63E1DEBFA9A009D57EE /* LaunchScreen.storyboard */; };
		BF56D64B1DEBFA9B009D57EE /* OverrideBackButtonTests.m in Sources */ = {isa = PBXBuildFile; fileRef = BF56D64A1DEBFA9B009D57EE /* OverrideBackButtonTests.m */; };
		BF56D6561DEBFA9B009D57EE /* OverrideBackButtonUITests.m in Sources */ = {isa = PBXBuildFile; fileRef = BF56D6551DEBFA9B009D57EE /* OverrideBackButtonUITests.m */; };
		BF56D6651DEBFE47009D57EE /* NextViewController.m in Sources */ = {isa = PBXBuildFile; fileRef = BF56D6641DEBFE47009D57EE /* NextViewController.m */; };
		BF56D66B1DEC05A7009D57EE /* UIViewController+BackButtonHandler.m in Sources */ = {isa = PBXBuildFile; fileRef = BF56D66A1DEC05A7009D57EE /* UIViewController+BackButtonHandler.m */; };
/* End PBXBuildFile section */

/* Begin PBXContainerItemProxy section */
		BF56D6471DEBFA9B009D57EE /* PBXContainerItemProxy */ = {
			isa = PBXContainerItemProxy;
			containerPortal = BF56D6251DEBFA9A009D57EE /* Project object */;
			proxyType = 1;
			remoteGlobalIDString = BF56D62C1DEBFA9A009D57EE;
			remoteInfo = OverrideBackButton;
		};
		BF56D6521DEBFA9B009D57EE /* PBXContainerItemProxy */ = {
			isa = PBXContainerItemProxy;
			containerPortal = BF56D6251DEBFA9A009D57EE /* Project object */;
			proxyType = 1;
			remoteGlobalIDString = BF56D62C1DEBFA9A009D57EE;
			remoteInfo = OverrideBackButton;
		};
/* End PBXContainerItemProxy section */

/* Begin PBXFileReference section */
		BF56D62D1DEBFA9A009D57EE /* OverrideBackButton.app */ = {isa = PBXFileReference; explicitFileType = wrapper.application; includeInIndex = 0; path = OverrideBackButton.app; sourceTree = BUILT_PRODUCTS_DIR; };
		BF56D6311DEBFA9A009D57EE /* main.m */ = {isa = PBXFileReference; lastKnownFileType = sourcecode.c.objc; path = main.m; sourceTree = "<group>"; };
		BF56D6331DEBFA9A009D57EE /* AppDelegate.h */ = {isa = PBXFileReference; lastKnownFileType = sourcecode.c.h; path = AppDelegate.h; sourceTree = "<group>"; };
		BF56D6341DEBFA9A009D57EE /* AppDelegate.m */ = {isa = PBXFileReference; lastKnownFileType = sourcecode.c.objc; path = AppDelegate.m; sourceTree = "<group>"; };
		BF56D6361DEBFA9A009D57EE /* ViewController.h */ = {isa = PBXFileReference; lastKnownFileType = sourcecode.c.h; path = ViewController.h; sourceTree = "<group>"; };
		BF56D6371DEBFA9A009D57EE /* ViewController.m */ = {isa = PBXFileReference; lastKnownFileType = sourcecode.c.objc; path = ViewController.m; sourceTree = "<group>"; };
		BF56D63A1DEBFA9A009D57EE /* Base */ = {isa = PBXFileReference; lastKnownFileType = file.storyboard; name = Base; path = Base.lproj/Main.storyboard; sourceTree = "<group>"; };
		BF56D63C1DEBFA9A009D57EE /* Assets.xcassets */ = {isa = PBXFileReference; lastKnownFileType = folder.assetcatalog; path = Assets.xcassets; sourceTree = "<group>"; };
		BF56D63F1DEBFA9A009D57EE /* Base */ = {isa = PBXFileReference; lastKnownFileType = file.storyboard; name = Base; path = Base.lproj/LaunchScreen.storyboard; sourceTree = "<group>"; };
		BF56D6411DEBFA9A009D57EE /* Info.plist */ = {isa = PBXFileReference; lastKnownFileType = text.plist.xml; path = Info.plist; sourceTree = "<group>"; };
		BF56D6461DEBFA9B009D57EE /* OverrideBackButtonTests.xctest */ = {isa = PBXFileReference; explicitFileType = wrapper.cfbundle; includeInIndex = 0; path = OverrideBackButtonTests.xctest; sourceTree = BUILT_PRODUCTS_DIR; };
		BF56D64A1DEBFA9B009D57EE /* OverrideBackButtonTests.m */ = {isa = PBXFileReference; lastKnownFileType = sourcecode.c.objc; path = OverrideBackButtonTests.m; sourceTree = "<group>"; };
		BF56D64C1DEBFA9B009D57EE /* Info.plist */ = {isa = PBXFileReference; lastKnownFileType = text.plist.xml; path = Info.plist; sourceTree = "<group>"; };
		BF56D6511DEBFA9B009D57EE /* OverrideBackButtonUITests.xctest */ = {isa = PBXFileReference; explicitFileType = wrapper.cfbundle; includeInIndex = 0; path = OverrideBackButtonUITests.xctest; sourceTree = BUILT_PRODUCTS_DIR; };
		BF56D6551DEBFA9B009D57EE /* OverrideBackButtonUITests.m */ = {isa = PBXFileReference; lastKnownFileType = sourcecode.c.objc; path = OverrideBackButtonUITests.m; sourceTree = "<group>"; };
		BF56D6571DEBFA9B009D57EE /* Info.plist */ = {isa = PBXFileReference; lastKnownFileType = text.plist.xml; path = Info.plist; sourceTree = "<group>"; };
		BF56D6631DEBFE47009D57EE /* NextViewController.h */ = {isa = PBXFileReference; fileEncoding = 4; lastKnownFileType = sourcecode.c.h; path = NextViewController.h; sourceTree = "<group>"; };
		BF56D6641DEBFE47009D57EE /* NextViewController.m */ = {isa = PBXFileReference; fileEncoding = 4; lastKnownFileType = sourcecode.c.objc; path = NextViewController.m; sourceTree = "<group>"; };
		BF56D6691DEC05A7009D57EE /* UIViewController+BackButtonHandler.h */ = {isa = PBXFileReference; fileEncoding = 4; lastKnownFileType = sourcecode.c.h; path = "UIViewController+BackButtonHandler.h"; sourceTree = "<group>"; };
		BF56D66A1DEC05A7009D57EE /* UIViewController+BackButtonHandler.m */ = {isa = PBXFileReference; fileEncoding = 4; lastKnownFileType = sourcecode.c.objc; path = "UIViewController+BackButtonHandler.m"; sourceTree = "<group>"; };
/* End PBXFileReference section */

/* Begin PBXFrameworksBuildPhase section */
		BF56D62A1DEBFA9A009D57EE /* Frameworks */ = {
			isa = PBXFrameworksBuildPhase;
			buildActionMask = 2147483647;
			files = (
			);
			runOnlyForDeploymentPostprocessing = 0;
		};
		BF56D6431DEBFA9B009D57EE /* Frameworks */ = {
			isa = PBXFrameworksBuildPhase;
			buildActionMask = 2147483647;
			files = (
			);
			runOnlyForDeploymentPostprocessing = 0;
		};
		BF56D64E1DEBFA9B009D57EE /* Frameworks */ = {
			isa = PBXFrameworksBuildPhase;
			buildActionMask = 2147483647;
			files = (
			);
			runOnlyForDeploymentPostprocessing = 0;
		};
/* End PBXFrameworksBuildPhase section */

/* Begin PBXGroup section */
		BF56D6241DEBFA9A009D57EE = {
			isa = PBXGroup;
			children = (
				BF56D62F1DEBFA9A009D57EE /* OverrideBackButton */,
				BF56D6491DEBFA9B009D57EE /* OverrideBackButtonTests */,
				BF56D6541DEBFA9B009D57EE /* OverrideBackButtonUITests */,
				BF56D62E1DEBFA9A009D57EE /* Products */,
			);
			sourceTree = "<group>";
		};
		BF56D62E1DEBFA9A009D57EE /* Products */ = {
			isa = PBXGroup;
			children = (
				BF56D62D1DEBFA9A009D57EE /* OverrideBackButton.app */,
				BF56D6461DEBFA9B009D57EE /* OverrideBackButtonTests.xctest */,
				BF56D6511DEBFA9B009D57EE /* OverrideBackButtonUITests.xctest */,
			);
			name = Products;
			sourceTree = "<group>";
		};
		BF56D62F1DEBFA9A009D57EE /* OverrideBackButton */ = {
			isa = PBXGroup;
			children = (
				BF56D6331DEBFA9A009D57EE /* AppDelegate.h */,
				BF56D6341DEBFA9A009D57EE /* AppDelegate.m */,
				BF56D6361DEBFA9A009D57EE /* ViewController.h */,
				BF56D6371DEBFA9A009D57EE /* ViewController.m */,
				BF56D6391DEBFA9A009D57EE /* Main.storyboard */,
				BF56D6631DEBFE47009D57EE /* NextViewController.h */,
				BF56D6641DEBFE47009D57EE /* NextViewController.m */,
				BF56D6691DEC05A7009D57EE /* UIViewController+BackButtonHandler.h */,
				BF56D66A1DEC05A7009D57EE /* UIViewController+BackButtonHandler.m */,
				BF56D63C1DEBFA9A009D57EE /* Assets.xcassets */,
				BF56D63E1DEBFA9A009D57EE /* LaunchScreen.storyboard */,
				BF56D6411DEBFA9A009D57EE /* Info.plist */,
				BF56D6301DEBFA9A009D57EE /* Supporting Files */,
			);
			path = OverrideBackButton;
			sourceTree = "<group>";
		};
		BF56D6301DEBFA9A009D57EE /* Supporting Files */ = {
			isa = PBXGroup;
			children = (
				BF56D6311DEBFA9A009D57EE /* main.m */,
			);
			name = "Supporting Files";
			sourceTree = "<group>";
		};
		BF56D6491DEBFA9B009D57EE /* OverrideBackButtonTests */ = {
			isa = PBXGroup;
			children = (
				BF56D64A1DEBFA9B009D57EE /* OverrideBackButtonTests.m */,
				BF56D64C1DEBFA9B009D57EE /* Info.plist */,
			);
			path = OverrideBackButtonTests;
			sourceTree = "<group>";
		};
		BF56D6541DEBFA9B009D57EE /* OverrideBackButtonUITests */ = {
			isa = PBXGroup;
			children = (
				BF56D6551DEBFA9B009D57EE /* OverrideBackButtonUITests.m */,
				BF56D6571DEBFA9B009D57EE /* Info.plist */,
			);
			path = OverrideBackButtonUITests;
			sourceTree = "<group>";
		};
/* End PBXGroup section */

/* Begin PBXNativeTarget section */
		BF56D62C1DEBFA9A009D57EE /* OverrideBackButton */ = {
			isa = PBXNativeTarget;
			buildConfigurationList = BF56D65A1DEBFA9B009D57EE /* Build configuration list for PBXNativeTarget "OverrideBackButton" */;
			buildPhases = (
				BF56D6291DEBFA9A009D57EE /* Sources */,
				BF56D62A1DEBFA9A009D57EE /* Frameworks */,
				BF56D62B1DEBFA9A009D57EE /* Resources */,
			);
			buildRules = (
			);
			dependencies = (
			);
			name = OverrideBackButton;
			productName = OverrideBackButton;
			productReference = BF56D62D1DEBFA9A009D57EE /* OverrideBackButton.app */;
			productType = "com.apple.product-type.application";
		};
		BF56D6451DEBFA9B009D57EE /* OverrideBackButtonTests */ = {
			isa = PBXNativeTarget;
			buildConfigurationList = BF56D65D1DEBFA9B009D57EE /* Build configuration list for PBXNativeTarget "OverrideBackButtonTests" */;
			buildPhases = (
				BF56D6421DEBFA9B009D57EE /* Sources */,
				BF56D6431DEBFA9B009D57EE /* Frameworks */,
				BF56D6441DEBFA9B009D57EE /* Resources */,
			);
			buildRules = (
			);
			dependencies = (
				BF56D6481DEBFA9B009D57EE /* PBXTargetDependency */,
			);
			name = OverrideBackButtonTests;
			productName = OverrideBackButtonTests;
			productReference = BF56D6461DEBFA9B009D57EE /* OverrideBackButtonTests.xctest */;
			productType = "com.apple.product-type.bundle.unit-test";
		};
		BF56D6501DEBFA9B009D57EE /* OverrideBackButtonUITests */ = {
			isa = PBXNativeTarget;
			buildConfigurationList = BF56D6601DEBFA9B009D57EE /* Build configuration list for PBXNativeTarget "OverrideBackButtonUITests" */;
			buildPhases = (
				BF56D64D1DEBFA9B009D57EE /* Sources */,
				BF56D64E1DEBFA9B009D57EE /* Frameworks */,
				BF56D64F1DEBFA9B009D57EE /* Resources */,
			);
			buildRules = (
			);
			dependencies = (
				BF56D6531DEBFA9B009D57EE /* PBXTargetDependency */,
			);
			name = OverrideBackButtonUITests;
			productName = OverrideBackButtonUITests;
			productReference = BF56D6511DEBFA9B009D57EE /* OverrideBackButtonUITests.xctest */;
			productType = "com.apple.product-type.bundle.ui-testing";
		};
/* End PBXNativeTarget section */

/* Begin PBXProject section */
		BF56D6251DEBFA9A009D57EE /* Project object */ = {
			isa = PBXProject;
			attributes = {
				LastUpgradeCheck = 0810;
				ORGANIZATIONNAME = bodaokeji;
				TargetAttributes = {
					BF56D62C1DEBFA9A009D57EE = {
						CreatedOnToolsVersion = 8.1;
						DevelopmentTeam = DDCS7Q8Q2J;
						ProvisioningStyle = Automatic;
					};
					BF56D6451DEBFA9B009D57EE = {
						CreatedOnToolsVersion = 8.1;
						DevelopmentTeam = DDCS7Q8Q2J;
						ProvisioningStyle = Automatic;
						TestTargetID = BF56D62C1DEBFA9A009D57EE;
					};
					BF56D6501DEBFA9B009D57EE = {
						CreatedOnToolsVersion = 8.1;
						DevelopmentTeam = DDCS7Q8Q2J;
						ProvisioningStyle = Automatic;
						TestTargetID = BF56D62C1DEBFA9A009D57EE;
					};
				};
			};
			buildConfigurationList = BF56D6281DEBFA9A009D57EE /* Build configuration list for PBXProject "OverrideBackButton" */;
			compatibilityVersion = "Xcode 3.2";
			developmentRegion = English;
			hasScannedForEncodings = 0;
			knownRegions = (
				en,
				Base,
			);
			mainGroup = BF56D6241DEBFA9A009D57EE;
			productRefGroup = BF56D62E1DEBFA9A009D57EE /* Products */;
			projectDirPath = "";
			projectRoot = "";
			targets = (
				BF56D62C1DEBFA9A009D57EE /* OverrideBackButton */,
				BF56D6451DEBFA9B009D57EE /* OverrideBackButtonTests */,
				BF56D6501DEBFA9B009D57EE /* OverrideBackButtonUITests */,
			);
		};
/* End PBXProject section */

/* Begin PBXResourcesBuildPhase section */
		BF56D62B1DEBFA9A009D57EE /* Resources */ = {
			isa = PBXResourcesBuildPhase;
			buildActionMask = 2147483647;
			files = (
				BF56D6401DEBFA9A009D57EE /* LaunchScreen.storyboard in Resources */,
				BF56D63D1DEBFA9A009D57EE /* Assets.xcassets in Resources */,
				BF56D63B1DEBFA9A009D57EE /* Main.storyboard in Resources */,
			);
			runOnlyForDeploymentPostprocessing = 0;
		};
		BF56D6441DEBFA9B009D57EE /* Resources */ = {
			isa = PBXResourcesBuildPhase;
			buildActionMask = 2147483647;
			files = (
			);
			runOnlyForDeploymentPostprocessing = 0;
		};
		BF56D64F1DEBFA9B009D57EE /* Resources */ = {
			isa = PBXResourcesBuildPhase;
			buildActionMask = 2147483647;
			files = (
			);
			runOnlyForDeploymentPostprocessing = 0;
		};
/* End PBXResourcesBuildPhase section */

/* Begin PBXSourcesBuildPhase section */
		BF56D6291DEBFA9A009D57EE /* Sources */ = {
			isa = PBXSourcesBuildPhase;
			buildActionMask = 2147483647;
			files = (
				BF56D66B1DEC05A7009D57EE /* UIViewController+BackButtonHandler.m in Sources */,
				BF56D6381DEBFA9A009D57EE /* ViewController.m in Sources */,
				BF56D6651DEBFE47009D57EE /* NextViewController.m in Sources */,
				BF56D6351DEBFA9A009D57EE /* AppDelegate.m in Sources */,
				BF56D6321DEBFA9A009D57EE /* main.m in Sources */,
			);
			runOnlyForDeploymentPostprocessing = 0;
		};
		BF56D6421DEBFA9B009D57EE /* Sources */ = {
			isa = PBXSourcesBuildPhase;
			buildActionMask = 2147483647;
			files = (
				BF56D64B1DEBFA9B009D57EE /* OverrideBackButtonTests.m in Sources */,
			);
			runOnlyForDeploymentPostprocessing = 0;
		};
		BF56D64D1DEBFA9B009D57EE /* Sources */ = {
			isa = PBXSourcesBuildPhase;
			buildActionMask = 2147483647;
			files = (
				BF56D6561DEBFA9B009D57EE /* OverrideBackButtonUITests.m in Sources */,
			);
			runOnlyForDeploymentPostprocessing = 0;
		};
/* End PBXSourcesBuildPhase section */

/* Begin PBXTargetDependency section */
		BF56D6481DEBFA9B009D57EE /* PBXTargetDependency */ = {
			isa = PBXTargetDependency;
			target = BF56D62C1DEBFA9A009D57EE /* OverrideBackButton */;
			targetProxy = BF56D6471DEBFA9B009D57EE /* PBXContainerItemProxy */;
		};
		BF56D6531DEBFA9B009D57EE /* PBXTargetDependency */ = {
			isa = PBXTargetDependency;
			target = BF56D62C1DEBFA9A009D57EE /* OverrideBackButton */;
			targetProxy = BF56D6521DEBFA9B009D57EE /* PBXContainerItemProxy */;
		};
/* End PBXTargetDependency section */

/* Begin PBXVariantGroup section */
		BF56D6391DEBFA9A009D57EE /* Main.storyboard */ = {
			isa = PBXVariantGroup;
			children = (
				BF56D63A1DEBFA9A009D57EE /* Base */,
			);
			name = Main.storyboard;
			sourceTree = "<group>";
		};
		BF56D63E1DEBFA9A009D57EE /* LaunchScreen.storyboard */ = {
			isa = PBXVariantGroup;
			children = (
				BF56D63F1DEBFA9A009D57EE /* Base */,
			);
			name = LaunchScreen.storyboard;
			sourceTree = "<group>";
		};
/* End PBXVariantGroup section */

/* Begin XCBuildConfiguration section */
		BF56D6581DEBFA9B009D57EE /* Debug */ = {
			isa = XCBuildConfiguration;
			buildSettings = {
				ALWAYS_SEARCH_USER_PATHS = NO;
				CLANG_ANALYZER_NONNULL = YES;
				CLANG_CXX_LANGUAGE_STANDARD = "gnu++0x";
				CLANG_CXX_LIBRARY = "libc++";
				CLANG_ENABLE_MODULES = YES;
				CLANG_ENABLE_OBJC_ARC = YES;
				CLANG_WARN_BOOL_CONVERSION = YES;
				CLANG_WARN_CONSTANT_CONVERSION = YES;
				CLANG_WARN_DIRECT_OBJC_ISA_USAGE = YES_ERROR;
				CLANG_WARN_DOCUMENTATION_COMMENTS = YES;
				CLANG_WARN_EMPTY_BODY = YES;
				CLANG_WARN_ENUM_CONVERSION = YES;
				CLANG_WARN_INFINITE_RECURSION = YES;
				CLANG_WARN_INT_CONVERSION = YES;
				CLANG_WARN_OBJC_ROOT_CLASS = YES_ERROR;
				CLANG_WARN_SUSPICIOUS_MOVES = YES;
				CLANG_WARN_UNREACHABLE_CODE = YES;
				CLANG_WARN__DUPLICATE_METHOD_MATCH = YES;
				"CODE_SIGN_IDENTITY[sdk=iphoneos*]" = "iPhone Developer";
				COPY_PHASE_STRIP = NO;
				DEBUG_INFORMATION_FORMAT = dwarf;
				ENABLE_STRICT_OBJC_MSGSEND = YES;
				ENABLE_TESTABILITY = YES;
				GCC_C_LANGUAGE_STANDARD = gnu99;
				GCC_DYNAMIC_NO_PIC = NO;
				GCC_NO_COMMON_BLOCKS = YES;
				GCC_OPTIMIZATION_LEVEL = 0;
				GCC_PREPROCESSOR_DEFINITIONS = (
					"DEBUG=1",
					"$(inherited)",
				);
				GCC_WARN_64_TO_32_BIT_CONVERSION = YES;
				GCC_WARN_ABOUT_RETURN_TYPE = YES_ERROR;
				GCC_WARN_UNDECLARED_SELECTOR = YES;
				GCC_WARN_UNINITIALIZED_AUTOS = YES_AGGRESSIVE;
				GCC_WARN_UNUSED_FUNCTION = YES;
				GCC_WARN_UNUSED_VARIABLE = YES;
				IPHONEOS_DEPLOYMENT_TARGET = 10.1;
				MTL_ENABLE_DEBUG_INFO = YES;
				ONLY_ACTIVE_ARCH = YES;
				SDKROOT = iphoneos;
			};
			name = Debug;
		};
		BF56D6591DEBFA9B009D57EE /* Release */ = {
			isa = XCBuildConfiguration;
			buildSettings = {
				ALWAYS_SEARCH_USER_PATHS = NO;
				CLANG_ANALYZER_NONNULL = YES;
				CLANG_CXX_LANGUAGE_STANDARD = "gnu++0x";
				CLANG_CXX_LIBRARY = "libc++";
				CLANG_ENABLE_MODULES = YES;
				CLANG_ENABLE_OBJC_ARC = YES;
				CLANG_WARN_BOOL_CONVERSION = YES;
				CLANG_WARN_CONSTANT_CONVERSION = YES;
				CLANG_WARN_DIRECT_OBJC_ISA_USAGE = YES_ERROR;
				CLANG_WARN_DOCUMENTATION_COMMENTS = YES;
				CLANG_WARN_EMPTY_BODY = YES;
				CLANG_WARN_ENUM_CONVERSION = YES;
				CLANG_WARN_INFINITE_RECURSION = YES;
				CLANG_WARN_INT_CONVERSION = YES;
				CLANG_WARN_OBJC_ROOT_CLASS = YES_ERROR;
				CLANG_WARN_SUSPICIOUS_MOVES = YES;
				CLANG_WARN_UNREACHABLE_CODE = YES;
				CLANG_WARN__DUPLICATE_METHOD_MATCH = YES;
				"CODE_SIGN_IDENTITY[sdk=iphoneos*]" = "iPhone Developer";
				COPY_PHASE_STRIP = NO;
				DEBUG_INFORMATION_FORMAT = "dwarf-with-dsym";
				ENABLE_NS_ASSERTIONS = NO;
				ENABLE_STRICT_OBJC_MSGSEND = YES;
				GCC_C_LANGUAGE_STANDARD = gnu99;
				GCC_NO_COMMON_BLOCKS = YES;
				GCC_WARN_64_TO_32_BIT_CONVERSION = YES;
				GCC_WARN_ABOUT_RETURN_TYPE = YES_ERROR;
				GCC_WARN_UNDECLARED_SELECTOR = YES;
				GCC_WARN_UNINITIALIZED_AUTOS = YES_AGGRESSIVE;
				GCC_WARN_UNUSED_FUNCTION = YES;
				GCC_WARN_UNUSED_VARIABLE = YES;
				IPHONEOS_DEPLOYMENT_TARGET = 10.1;
				MTL_ENABLE_DEBUG_INFO = NO;
				SDKROOT = iphoneos;
				VALIDATE_PRODUCT = YES;
			};
			name = Release;
		};
		BF56D65B1DEBFA9B009D57EE /* Debug */ = {
			isa = XCBuildConfiguration;
			buildSettings = {
				ASSETCATALOG_COMPILER_APPICON_NAME = AppIcon;
				DEVELOPMENT_TEAM = DDCS7Q8Q2J;
				INFOPLIST_FILE = OverrideBackButton/Info.plist;
				LD_RUNPATH_SEARCH_PATHS = "$(inherited) @executable_path/Frameworks";
				PRODUCT_BUNDLE_IDENTIFIER = com.bodaokeji.OverrideBackButton;
				PRODUCT_NAME = "$(TARGET_NAME)";
			};
			name = Debug;
		};
		BF56D65C1DEBFA9B009D57EE /* Release */ = {
			isa = XCBuildConfiguration;
			buildSettings = {
				ASSETCATALOG_COMPILER_APPICON_NAME = AppIcon;
				DEVELOPMENT_TEAM = DDCS7Q8Q2J;
				INFOPLIST_FILE = OverrideBackButton/Info.plist;
				LD_RUNPATH_SEARCH_PATHS = "$(inherited) @executable_path/Frameworks";
				PRODUCT_BUNDLE_IDENTIFIER = com.bodaokeji.OverrideBackButton;
				PRODUCT_NAME = "$(TARGET_NAME)";
			};
			name = Release;
		};
		BF56D65E1DEBFA9B009D57EE /* Debug */ = {
			isa = XCBuildConfiguration;
			buildSettings = {
				BUNDLE_LOADER = "$(TEST_HOST)";
				DEVELOPMENT_TEAM = DDCS7Q8Q2J;
				INFOPLIST_FILE = OverrideBackButtonTests/Info.plist;
				LD_RUNPATH_SEARCH_PATHS = "$(inherited) @executable_path/Frameworks @loader_path/Frameworks";
				PRODUCT_BUNDLE_IDENTIFIER = com.bodaokeji.OverrideBackButtonTests;
				PRODUCT_NAME = "$(TARGET_NAME)";
				TEST_HOST = "$(BUILT_PRODUCTS_DIR)/OverrideBackButton.app/OverrideBackButton";
			};
			name = Debug;
		};
		BF56D65F1DEBFA9B009D57EE /* Release */ = {
			isa = XCBuildConfiguration;
			buildSettings = {
				BUNDLE_LOADER = "$(TEST_HOST)";
				DEVELOPMENT_TEAM = DDCS7Q8Q2J;
				INFOPLIST_FILE = OverrideBackButtonTests/Info.plist;
				LD_RUNPATH_SEARCH_PATHS = "$(inherited) @executable_path/Frameworks @loader_path/Frameworks";
				PRODUCT_BUNDLE_IDENTIFIER = com.bodaokeji.OverrideBackButtonTests;
				PRODUCT_NAME = "$(TARGET_NAME)";
				TEST_HOST = "$(BUILT_PRODUCTS_DIR)/OverrideBackButton.app/OverrideBackButton";
			};
			name = Release;
		};
		BF56D6611DEBFA9B009D57EE /* Debug */ = {
			isa = XCBuildConfiguration;
			buildSettings = {
				DEVELOPMENT_TEAM = DDCS7Q8Q2J;
				INFOPLIST_FILE = OverrideBackButtonUITests/Info.plist;
				LD_RUNPATH_SEARCH_PATHS = "$(inherited) @executable_path/Frameworks @loader_path/Frameworks";
				PRODUCT_BUNDLE_IDENTIFIER = com.bodaokeji.OverrideBackButtonUITests;
				PRODUCT_NAME = "$(TARGET_NAME)";
				TEST_TARGET_NAME = OverrideBackButton;
			};
			name = Debug;
		};
		BF56D6621DEBFA9B009D57EE /* Release */ = {
			isa = XCBuildConfiguration;
			buildSettings = {
				DEVELOPMENT_TEAM = DDCS7Q8Q2J;
				INFOPLIST_FILE = OverrideBackButtonUITests/Info.plist;
				LD_RUNPATH_SEARCH_PATHS = "$(inherited) @executable_path/Frameworks @loader_path/Frameworks";
				PRODUCT_BUNDLE_IDENTIFIER = com.bodaokeji.OverrideBackButtonUITests;
				PRODUCT_NAME = "$(TARGET_NAME)";
				TEST_TARGET_NAME = OverrideBackButton;
			};
			name = Release;
		};
/* End XCBuildConfiguration section */

/* Begin XCConfigurationList section */
		BF56D6281DEBFA9A009D57EE /* Build configuration list for PBXProject "OverrideBackButton" */ = {
			isa = XCConfigurationList;
			buildConfigurations = (
				BF56D6581DEBFA9B009D57EE /* Debug */,
				BF56D6591DEBFA9B009D57EE /* Release */,
			);
			defaultConfigurationIsVisible = 0;
			defaultConfigurationName = Release;
		};
		BF56D65A1DEBFA9B009D57EE /* Build configuration list for PBXNativeTarget "OverrideBackButton" */ = {
			isa = XCConfigurationList;
			buildConfigurations = (
				BF56D65B1DEBFA9B009D57EE /* Debug */,
				BF56D65C1DEBFA9B009D57EE /* Release */,
			);
			defaultConfigurationIsVisible = 0;
		};
		BF56D65D1DEBFA9B009D57EE /* Build configuration list for PBXNativeTarget "OverrideBackButtonTests" */ = {
			isa = XCConfigurationList;
			buildConfigurations = (
				BF56D65E1DEBFA9B009D57EE /* Debug */,
				BF56D65F1DEBFA9B009D57EE /* Release */,
			);
			defaultConfigurationIsVisible = 0;
		};
		BF56D6601DEBFA9B009D57EE /* Build configuration list for PBXNativeTarget "OverrideBackButtonUITests" */ = {
			isa = XCConfigurationList;
			buildConfigurations = (
				BF56D6611DEBFA9B009D57EE /* Debug */,
				BF56D6621DEBFA9B009D57EE /* Release */,
			);
			defaultConfigurationIsVisible = 0;
		};
/* End XCConfigurationList section */
	};
	rootObject = BF56D6251DEBFA9A009D57EE /* Project object */;
}
